// !$*UTF8*$!
{
	archiveVersion = 1;
	classes = {
	};
	objectVersion = 46;
	objects = {

/* Begin PBXBuildFile section */
		1D3623260D0F684500981E51 /* custom_view_testAppDelegate.mm in Sources */ = {isa = PBXBuildFile; fileRef = 1D3623250D0F684500981E51 /* custom_view_testAppDelegate.mm */; };
		1D60589B0D05DD56006BFB54 /* main.m in Sources */ = {isa = PBXBuildFile; fileRef = 29B97316FDCFA39411CA2CEA /* main.m */; };
		1D60589F0D05DD5A006BFB54 /* Foundation.framework in Frameworks */ = {isa = PBXBuildFile; fileRef = 1D30AB110D05D00D00671497 /* Foundation.framework */; };
		1DF5F4E00D08C38300B7A737 /* UIKit.framework in Frameworks */ = {isa = PBXBuildFile; fileRef = 1DF5F4DF0D08C38300B7A737 /* UIKit.framework */; };
		280E754D0DD40C5E005A515E /* FlipsideView.xib in Resources */ = {isa = PBXBuildFile; fileRef = 280E754A0DD40C5E005A515E /* FlipsideView.xib */; };
		280E754E0DD40C5E005A515E /* MainView.xib in Resources */ = {isa = PBXBuildFile; fileRef = 280E754B0DD40C5E005A515E /* MainView.xib */; };
		280E754F0DD40C5E005A515E /* MainWindow.xib in Resources */ = {isa = PBXBuildFile; fileRef = 280E754C0DD40C5E005A515E /* MainWindow.xib */; };
		288765590DF743DE002DB57D /* CoreGraphics.framework in Frameworks */ = {isa = PBXBuildFile; fileRef = 288765580DF743DE002DB57D /* CoreGraphics.framework */; };
		289233AE0DB2D0DB0083E9F9 /* MainViewController.mm in Sources */ = {isa = PBXBuildFile; fileRef = 289233A90DB2D0DB0083E9F9 /* MainViewController.mm */; };
		289233B00DB2D0DB0083E9F9 /* FlipsideViewController.mm in Sources */ = {isa = PBXBuildFile; fileRef = 289233AD0DB2D0DB0083E9F9 /* FlipsideViewController.mm */; };
		D4B4434913718BB700188C07 /* libcefix.a in Frameworks */ = {isa = PBXBuildFile; fileRef = D4B4434113718BB600188C07 /* libcefix.a */; };
		D4B4434A13718BB700188C07 /* libOpenThreads.a in Frameworks */ = {isa = PBXBuildFile; fileRef = D4B4434213718BB600188C07 /* libOpenThreads.a */; };
		D4B4434B13718BB700188C07 /* libosg.a in Frameworks */ = {isa = PBXBuildFile; fileRef = D4B4434313718BB600188C07 /* libosg.a */; };
		D4B4434C13718BB700188C07 /* libosgDB.a in Frameworks */ = {isa = PBXBuildFile; fileRef = D4B4434413718BB600188C07 /* libosgDB.a */; };
		D4B4434D13718BB700188C07 /* libosgGA.a in Frameworks */ = {isa = PBXBuildFile; fileRef = D4B4434513718BB600188C07 /* libosgGA.a */; };
		D4B4434E13718BB700188C07 /* libosgText.a in Frameworks */ = {isa = PBXBuildFile; fileRef = D4B4434613718BB600188C07 /* libosgText.a */; };
		D4B4434F13718BB700188C07 /* libosgUtil.a in Frameworks */ = {isa = PBXBuildFile; fileRef = D4B4434713718BB600188C07 /* libosgUtil.a */; };
		D4B4435013718BB700188C07 /* libosgViewer.a in Frameworks */ = {isa = PBXBuildFile; fileRef = D4B4434813718BB600188C07 /* libosgViewer.a */; };
		D4B4435813718BF000188C07 /* Sketch.cpp in Sources */ = {isa = PBXBuildFile; fileRef = D4B4435613718BF000188C07 /* Sketch.cpp */; };
		D4B4435F13718D1300188C07 /* FacetingVisitor.cpp in Sources */ = {isa = PBXBuildFile; fileRef = D4B4435B13718D1300188C07 /* FacetingVisitor.cpp */; };
		D4B4436013718D1300188C07 /* SuperShape3D.cpp in Sources */ = {isa = PBXBuildFile; fileRef = D4B4435D13718D1300188C07 /* SuperShape3D.cpp */; };
		D4B443C113718DC100188C07 /* OpenGLES.framework in Frameworks */ = {isa = PBXBuildFile; fileRef = D4B443C013718DC100188C07 /* OpenGLES.framework */; };
		D4B444731371A7A300188C07 /* QuartzCore.framework in Frameworks */ = {isa = PBXBuildFile; fileRef = D4B444721371A7A300188C07 /* QuartzCore.framework */; };
/* End PBXBuildFile section */

/* Begin PBXFileReference section */
		1D30AB110D05D00D00671497 /* Foundation.framework */ = {isa = PBXFileReference; lastKnownFileType = wrapper.framework; name = Foundation.framework; path = System/Library/Frameworks/Foundation.framework; sourceTree = SDKROOT; };
		1D3623240D0F684500981E51 /* custom_view_testAppDelegate.h */ = {isa = PBXFileReference; fileEncoding = 4; lastKnownFileType = sourcecode.c.h; name = custom_view_testAppDelegate.h; path = ../../src/Classes/custom_view_testAppDelegate.h; sourceTree = "<group>"; };
		1D3623250D0F684500981E51 /* custom_view_testAppDelegate.mm */ = {isa = PBXFileReference; fileEncoding = 4; lastKnownFileType = sourcecode.cpp.objcpp; path = custom_view_testAppDelegate.mm; sourceTree = "<group>"; };
		1D6058910D05DD3D006BFB54 /* custom_view_test.app */ = {isa = PBXFileReference; explicitFileType = wrapper.application; includeInIndex = 0; path = custom_view_test.app; sourceTree = BUILT_PRODUCTS_DIR; };
		1DF5F4DF0D08C38300B7A737 /* UIKit.framework */ = {isa = PBXFileReference; lastKnownFileType = wrapper.framework; name = UIKit.framework; path = System/Library/Frameworks/UIKit.framework; sourceTree = SDKROOT; };
		280E754A0DD40C5E005A515E /* FlipsideView.xib */ = {isa = PBXFileReference; lastKnownFileType = file.xib; path = FlipsideView.xib; sourceTree = "<group>"; };
		280E754B0DD40C5E005A515E /* MainView.xib */ = {isa = PBXFileReference; lastKnownFileType = file.xib; path = MainView.xib; sourceTree = "<group>"; };
		280E754C0DD40C5E005A515E /* MainWindow.xib */ = {isa = PBXFileReference; lastKnownFileType = file.xib; path = MainWindow.xib; sourceTree = "<group>"; };
		288765580DF743DE002DB57D /* CoreGraphics.framework */ = {isa = PBXFileReference; lastKnownFileType = wrapper.framework; name = CoreGraphics.framework; path = System/Library/Frameworks/CoreGraphics.framework; sourceTree = SDKROOT; };
		289233A80DB2D0DB0083E9F9 /* MainViewController.h */ = {isa = PBXFileReference; fileEncoding = 4; lastKnownFileType = sourcecode.c.h; name = MainViewController.h; path = ../src/Classes/MainViewController.h; sourceTree = "<group>"; };
		289233A90DB2D0DB0083E9F9 /* MainViewController.mm */ = {isa = PBXFileReference; fileEncoding = 4; lastKnownFileType = sourcecode.cpp.objcpp; name = MainViewController.mm; path = ../src/Classes/MainViewController.mm; sourceTree = "<group>"; };
		289233AC0DB2D0DB0083E9F9 /* FlipsideViewController.h */ = {isa = PBXFileReference; fileEncoding = 4; lastKnownFileType = sourcecode.c.h; name = FlipsideViewController.h; path = ../src/Classes/FlipsideViewController.h; sourceTree = "<group>"; };
		289233AD0DB2D0DB0083E9F9 /* FlipsideViewController.mm */ = {isa = PBXFileReference; fileEncoding = 4; lastKnownFileType = sourcecode.cpp.objcpp; name = FlipsideViewController.mm; path = ../src/Classes/FlipsideViewController.mm; sourceTree = "<group>"; };
		29B97316FDCFA39411CA2CEA /* main.m */ = {isa = PBXFileReference; fileEncoding = 4; lastKnownFileType = sourcecode.c.objc; path = main.m; sourceTree = "<group>"; };
		32CA4F630368D1EE00C91783 /* custom_view_test_Prefix.pch */ = {isa = PBXFileReference; fileEncoding = 4; lastKnownFileType = sourcecode.c.h; path = custom_view_test_Prefix.pch; sourceTree = "<group>"; };
		8D1107310486CEB800E47090 /* custom_view_test-Info.plist */ = {isa = PBXFileReference; fileEncoding = 4; lastKnownFileType = text.plist.xml; path = "custom_view_test-Info.plist"; plistStructureDefinitionIdentifier = "com.apple.xcode.plist.structure-definition.iphone.info-plist"; sourceTree = "<group>"; };
		D4B4434113718BB600188C07 /* libcefix.a */ = {isa = PBXFileReference; lastKnownFileType = archive.ar; name = libcefix.a; path = ../../../lib/lib/release/libcefix.a; sourceTree = SOURCE_ROOT; };
		D4B4434213718BB600188C07 /* libOpenThreads.a */ = {isa = PBXFileReference; lastKnownFileType = archive.ar; name = libOpenThreads.a; path = ../../../lib/lib/release/libOpenThreads.a; sourceTree = SOURCE_ROOT; };
		D4B4434313718BB600188C07 /* libosg.a */ = {isa = PBXFileReference; lastKnownFileType = archive.ar; name = libosg.a; path = ../../../lib/lib/release/libosg.a; sourceTree = SOURCE_ROOT; };
		D4B4434413718BB600188C07 /* libosgDB.a */ = {isa = PBXFileReference; lastKnownFileType = archive.ar; name = libosgDB.a; path = ../../../lib/lib/release/libosgDB.a; sourceTree = SOURCE_ROOT; };
		D4B4434513718BB600188C07 /* libosgGA.a */ = {isa = PBXFileReference; lastKnownFileType = archive.ar; name = libosgGA.a; path = ../../../lib/lib/release/libosgGA.a; sourceTree = SOURCE_ROOT; };
		D4B4434613718BB600188C07 /* libosgText.a */ = {isa = PBXFileReference; lastKnownFileType = archive.ar; name = libosgText.a; path = ../../../lib/lib/release/libosgText.a; sourceTree = SOURCE_ROOT; };
		D4B4434713718BB600188C07 /* libosgUtil.a */ = {isa = PBXFileReference; lastKnownFileType = archive.ar; name = libosgUtil.a; path = ../../../lib/lib/release/libosgUtil.a; sourceTree = SOURCE_ROOT; };
		D4B4434813718BB600188C07 /* libosgViewer.a */ = {isa = PBXFileReference; lastKnownFileType = archive.ar; name = libosgViewer.a; path = ../../../lib/lib/release/libosgViewer.a; sourceTree = SOURCE_ROOT; };
		D4B4435613718BF000188C07 /* Sketch.cpp */ = {isa = PBXFileReference; fileEncoding = 4; lastKnownFileType = sourcecode.cpp.cpp; name = Sketch.cpp; path = ../src/Sketch.cpp; sourceTree = SOURCE_ROOT; };
		D4B4435713718BF000188C07 /* Sketch.h */ = {isa = PBXFileReference; fileEncoding = 4; lastKnownFileType = sourcecode.c.h; name = Sketch.h; path = ../src/Sketch.h; sourceTree = SOURCE_ROOT; };
		D4B4435B13718D1300188C07 /* FacetingVisitor.cpp */ = {isa = PBXFileReference; fileEncoding = 4; lastKnownFileType = sourcecode.cpp.cpp; name = FacetingVisitor.cpp; path = ../src/FacetingVisitor.cpp; sourceTree = SOURCE_ROOT; };
		D4B4435C13718D1300188C07 /* FacetingVisitor.h */ = {isa = PBXFileReference; fileEncoding = 4; lastKnownFileType = sourcecode.c.h; name = FacetingVisitor.h; path = ../src/FacetingVisitor.h; sourceTree = SOURCE_ROOT; };
		D4B4435D13718D1300188C07 /* SuperShape3D.cpp */ = {isa = PBXFileReference; fileEncoding = 4; lastKnownFileType = sourcecode.cpp.cpp; name = SuperShape3D.cpp; path = ../src/SuperShape3D.cpp; sourceTree = SOURCE_ROOT; };
		D4B4435E13718D1300188C07 /* SuperShape3D.h */ = {isa = PBXFileReference; fileEncoding = 4; lastKnownFileType = sourcecode.c.h; name = SuperShape3D.h; path = ../src/SuperShape3D.h; sourceTree = SOURCE_ROOT; };
		D4B443C013718DC100188C07 /* OpenGLES.framework */ = {isa = PBXFileReference; lastKnownFileType = wrapper.framework; name = OpenGLES.framework; path = System/Library/Frameworks/OpenGLES.framework; sourceTree = SDKROOT; };
		D4B444721371A7A300188C07 /* QuartzCore.framework */ = {isa = PBXFileReference; lastKnownFileType = wrapper.framework; name = QuartzCore.framework; path = System/Library/Frameworks/QuartzCore.framework; sourceTree = SDKROOT; };
/* End PBXFileReference section */

/* Begin PBXFrameworksBuildPhase section */
		1D60588F0D05DD3D006BFB54 /* Frameworks */ = {
			isa = PBXFrameworksBuildPhase;
			buildActionMask = 2147483647;
			files = (
				1D60589F0D05DD5A006BFB54 /* Foundation.framework in Frameworks */,
				1DF5F4E00D08C38300B7A737 /* UIKit.framework in Frameworks */,
				288765590DF743DE002DB57D /* CoreGraphics.framework in Frameworks */,
				D4B4434913718BB700188C07 /* libcefix.a in Frameworks */,
				D4B4434A13718BB700188C07 /* libOpenThreads.a in Frameworks */,
				D4B4434B13718BB700188C07 /* libosg.a in Frameworks */,
				D4B4434C13718BB700188C07 /* libosgDB.a in Frameworks */,
				D4B4434D13718BB700188C07 /* libosgGA.a in Frameworks */,
				D4B4434E13718BB700188C07 /* libosgText.a in Frameworks */,
				D4B4434F13718BB700188C07 /* libosgUtil.a in Frameworks */,
				D4B4435013718BB700188C07 /* libosgViewer.a in Frameworks */,
				D4B443C113718DC100188C07 /* OpenGLES.framework in Frameworks */,
				D4B444731371A7A300188C07 /* QuartzCore.framework in Frameworks */,
			);
			runOnlyForDeploymentPostprocessing = 0;
		};
/* End PBXFrameworksBuildPhase section */

/* Begin PBXGroup section */
		080E96DDFE201D6D7F000001 /* Classes */ = {
			isa = PBXGroup;
			children = (
				1D3623240D0F684500981E51 /* custom_view_testAppDelegate.h */,
				1D3623250D0F684500981E51 /* custom_view_testAppDelegate.mm */,
			);
			name = Classes;
			path = ../src/Classes;
			sourceTree = "<group>";
		};
		19C28FACFE9D520D11CA2CBB /* Products */ = {
			isa = PBXGroup;
			children = (
				1D6058910D05DD3D006BFB54 /* custom_view_test.app */,
			);
			name = Products;
			sourceTree = "<group>";
		};
		281C6CD70DB2D82200F60ACC /* Flipside View */ = {
			isa = PBXGroup;
			children = (
				289233AC0DB2D0DB0083E9F9 /* FlipsideViewController.h */,
				289233AD0DB2D0DB0083E9F9 /* FlipsideViewController.mm */,
			);
			name = "Flipside View";
			sourceTree = "<group>";
		};
		289233A00DB2D0730083E9F9 /* Main View */ = {
			isa = PBXGroup;
			children = (
				289233A80DB2D0DB0083E9F9 /* MainViewController.h */,
				289233A90DB2D0DB0083E9F9 /* MainViewController.mm */,
			);
			name = "Main View";
			sourceTree = "<group>";
		};
		29B97314FDCFA39411CA2CEA /* CustomTemplate */ = {
			isa = PBXGroup;
			children = (
				D4B4435413718BD800188C07 /* Sketch */,
				289233A00DB2D0730083E9F9 /* Main View */,
				281C6CD70DB2D82200F60ACC /* Flipside View */,
				080E96DDFE201D6D7F000001 /* Classes */,
				29B97315FDCFA39411CA2CEA /* Other Sources */,
				29B97317FDCFA39411CA2CEA /* Resources */,
				29B97323FDCFA39411CA2CEA /* Frameworks */,
				19C28FACFE9D520D11CA2CBB /* Products */,
			);
			name = CustomTemplate;
			sourceTree = "<group>";
		};
		29B97315FDCFA39411CA2CEA /* Other Sources */ = {
			isa = PBXGroup;
			children = (
				32CA4F630368D1EE00C91783 /* custom_view_test_Prefix.pch */,
				29B97316FDCFA39411CA2CEA /* main.m */,
			);
			name = "Other Sources";
			sourceTree = "<group>";
		};
		29B97317FDCFA39411CA2CEA /* Resources */ = {
			isa = PBXGroup;
			children = (
				280E754A0DD40C5E005A515E /* FlipsideView.xib */,
				280E754B0DD40C5E005A515E /* MainView.xib */,
				280E754C0DD40C5E005A515E /* MainWindow.xib */,
				8D1107310486CEB800E47090 /* custom_view_test-Info.plist */,
			);
			name = Resources;
			sourceTree = "<group>";
		};
		29B97323FDCFA39411CA2CEA /* Frameworks */ = {
			isa = PBXGroup;
			children = (
				D4B444721371A7A300188C07 /* QuartzCore.framework */,
				D4B443C013718DC100188C07 /* OpenGLES.framework */,
				D4B4434113718BB600188C07 /* libcefix.a */,
				D4B4434213718BB600188C07 /* libOpenThreads.a */,
				D4B4434313718BB600188C07 /* libosg.a */,
				D4B4434413718BB600188C07 /* libosgDB.a */,
				D4B4434513718BB600188C07 /* libosgGA.a */,
				D4B4434613718BB600188C07 /* libosgText.a */,
				D4B4434713718BB600188C07 /* libosgUtil.a */,
				D4B4434813718BB600188C07 /* libosgViewer.a */,
				1DF5F4DF0D08C38300B7A737 /* UIKit.framework */,
				1D30AB110D05D00D00671497 /* Foundation.framework */,
				288765580DF743DE002DB57D /* CoreGraphics.framework */,
			);
			name = Frameworks;
			sourceTree = "<group>";
		};
		D4B4435413718BD800188C07 /* Sketch */ = {
			isa = PBXGroup;
			children = (
				D4B4435B13718D1300188C07 /* FacetingVisitor.cpp */,
				D4B4435C13718D1300188C07 /* FacetingVisitor.h */,
				D4B4435D13718D1300188C07 /* SuperShape3D.cpp */,
				D4B4435E13718D1300188C07 /* SuperShape3D.h */,
				D4B4435613718BF000188C07 /* Sketch.cpp */,
				D4B4435713718BF000188C07 /* Sketch.h */,
			);
			name = Sketch;
			sourceTree = "<group>";
		};
/* End PBXGroup section */

/* Begin PBXNativeTarget section */
		1D6058900D05DD3D006BFB54 /* custom_view_test */ = {
			isa = PBXNativeTarget;
			buildConfigurationList = 1D6058960D05DD3E006BFB54 /* Build configuration list for PBXNativeTarget "custom_view_test" */;
			buildPhases = (
				1D60588D0D05DD3D006BFB54 /* Resources */,
				1D60588E0D05DD3D006BFB54 /* Sources */,
				1D60588F0D05DD3D006BFB54 /* Frameworks */,
			);
			buildRules = (
			);
			dependencies = (
			);
			name = custom_view_test;
			productName = custom_view_test;
			productReference = 1D6058910D05DD3D006BFB54 /* custom_view_test.app */;
			productType = "com.apple.product-type.application";
		};
/* End PBXNativeTarget section */

/* Begin PBXProject section */
		29B97313FDCFA39411CA2CEA /* Project object */ = {
			isa = PBXProject;
			buildConfigurationList = C01FCF4E08A954540054247B /* Build configuration list for PBXProject "custom_view_test" */;
			compatibilityVersion = "Xcode 3.2";
			developmentRegion = English;
			hasScannedForEncodings = 1;
			knownRegions = (
				English,
				Japanese,
				French,
				German,
				en,
			);
			mainGroup = 29B97314FDCFA39411CA2CEA /* CustomTemplate */;
			projectDirPath = "";
			projectRoot = "";
			targets = (
				1D6058900D05DD3D006BFB54 /* custom_view_test */,
			);
		};
/* End PBXProject section */

/* Begin PBXResourcesBuildPhase section */
		1D60588D0D05DD3D006BFB54 /* Resources */ = {
			isa = PBXResourcesBuildPhase;
			buildActionMask = 2147483647;
			files = (
				280E754D0DD40C5E005A515E /* FlipsideView.xib in Resources */,
				280E754E0DD40C5E005A515E /* MainView.xib in Resources */,
				280E754F0DD40C5E005A515E /* MainWindow.xib in Resources */,
			);
			runOnlyForDeploymentPostprocessing = 0;
		};
/* End PBXResourcesBuildPhase section */

/* Begin PBXSourcesBuildPhase section */
		1D60588E0D05DD3D006BFB54 /* Sources */ = {
			isa = PBXSourcesBuildPhase;
			buildActionMask = 2147483647;
			files = (
				1D60589B0D05DD56006BFB54 /* main.m in Sources */,
				1D3623260D0F684500981E51 /* custom_view_testAppDelegate.mm in Sources */,
				289233AE0DB2D0DB0083E9F9 /* MainViewController.mm in Sources */,
				289233B00DB2D0DB0083E9F9 /* FlipsideViewController.mm in Sources */,
				D4B4435813718BF000188C07 /* Sketch.cpp in Sources */,
				D4B4435F13718D1300188C07 /* FacetingVisitor.cpp in Sources */,
				D4B4436013718D1300188C07 /* SuperShape3D.cpp in Sources */,
			);
			runOnlyForDeploymentPostprocessing = 0;
		};
/* End PBXSourcesBuildPhase section */

/* Begin XCBuildConfiguration section */
		1D6058940D05DD3E006BFB54 /* Debug */ = {
			isa = XCBuildConfiguration;
			buildSettings = {
				ALWAYS_SEARCH_USER_PATHS = NO;
				COPY_PHASE_STRIP = NO;
				GCC_DYNAMIC_NO_PIC = NO;
				GCC_OPTIMIZATION_LEVEL = 0;
				GCC_PRECOMPILE_PREFIX_HEADER = YES;
				GCC_PREFIX_HEADER = custom_view_test_Prefix.pch;
				INFOPLIST_FILE = "custom_view_test-Info.plist";
				LIBRARY_SEARCH_PATHS = (
					"$(inherited)",
					"\"$(SRCROOT)/../../../lib/lib/release\"",
				);
				OTHER_CFLAGS = "-DCEFIX_FOR_IPHONE=1";
				PRODUCT_NAME = custom_view_test;
			};
			name = Debug;
		};
		1D6058950D05DD3E006BFB54 /* Release */ = {
			isa = XCBuildConfiguration;
			buildSettings = {
				ALWAYS_SEARCH_USER_PATHS = NO;
				COPY_PHASE_STRIP = YES;
				GCC_PRECOMPILE_PREFIX_HEADER = YES;
				GCC_PREFIX_HEADER = custom_view_test_Prefix.pch;
				INFOPLIST_FILE = "custom_view_test-Info.plist";
				LIBRARY_SEARCH_PATHS = (
					"$(inherited)",
					"\"$(SRCROOT)/../../../lib/lib/release\"",
				);
				OTHER_CFLAGS = (
					"-DCEFIX_FOR_IPHONE=1",
					"-DNS_BLOCK_ASSERTIONS=1",
				);
				PRODUCT_NAME = custom_view_test;
				VALIDATE_PRODUCT = YES;
			};
			name = Release;
		};
		C01FCF4F08A954540054247B /* Debug */ = {
			isa = XCBuildConfiguration;
			buildSettings = {
				ARCHS = "$(ARCHS_STANDARD_32_BIT)";
				"CODE_SIGN_IDENTITY[sdk=iphoneos*]" = "iPhone Developer";
				GCC_C_LANGUAGE_STANDARD = c99;
				GCC_INLINES_ARE_PRIVATE_EXTERN = YES;
				GCC_WARN_ABOUT_RETURN_TYPE = YES;
				GCC_WARN_UNUSED_VARIABLE = YES;
				HEADER_SEARCH_PATHS = (
					"\"$(SRCROOT)/../../../lib/include\"",
					"\"$(SRCROOT)/../../../osg/IPhone_Project/config\"",
				);
				PREBINDING = NO;
				SDKROOT = iphoneos4.1;
			};
			name = Debug;
		};
		C01FCF5008A954540054247B /* Release */ = {
			isa = XCBuildConfiguration;
			buildSettings = {
				ARCHS = "$(ARCHS_STANDARD_32_BIT)";
				"CODE_SIGN_IDENTITY[sdk=iphoneos*]" = "iPhone Developer";
				GCC_C_LANGUAGE_STANDARD = c99;
				GCC_INLINES_ARE_PRIVATE_EXTERN = YES;
				GCC_WARN_ABOUT_RETURN_TYPE = YES;
				GCC_WARN_UNUSED_VARIABLE = YES;
				HEADER_SEARCH_PATHS = (
					"\"$(SRCROOT)/../../../lib/include\"",
					"\"$(SRCROOT)/../../../osg/IPhone_Project/config\"",
				);
				OTHER_CFLAGS = "-DNS_BLOCK_ASSERTIONS=1";
				PREBINDING = NO;
				SDKROOT = iphoneos4.1;
			};
			name = Release;
		};
/* End XCBuildConfiguration section */

/* Begin XCConfigurationList section */
		1D6058960D05DD3E006BFB54 /* Build configuration list for PBXNativeTarget "custom_view_test" */ = {
			isa = XCConfigurationList;
			buildConfigurations = (
				1D6058940D05DD3E006BFB54 /* Debug */,
				1D6058950D05DD3E006BFB54 /* Release */,
			);
			defaultConfigurationIsVisible = 0;
			defaultConfigurationName = Release;
		};
		C01FCF4E08A954540054247B /* Build configuration list for PBXProject "custom_view_test" */ = {
			isa = XCConfigurationList;
			buildConfigurations = (
				C01FCF4F08A954540054247B /* Debug */,
				C01FCF5008A954540054247B /* Release */,
			);
			defaultConfigurationIsVisible = 0;
			defaultConfigurationName = Release;
		};
/* End XCConfigurationList section */
	};
	rootObject = 29B97313FDCFA39411CA2CEA /* Project object */;
}
